
Microsoft Visual Studio Solution File, Format Version 12.00
# Visual Studio Version 16
VisualStudioVersion = 16.0.33920.266
MinimumVisualStudioVersion = 10.0.40219.1
Project("{FAE04EC0-301F-11D3-BF4B-00C04F79EFBC}") = "AgendaContacte", "AgendaContacte\AgendaContacte.csproj", "{18BD19CA-CCFE-4857-B9E5-F554C14E8E60}"
EndProject
Global
	GlobalSection(SolutionConfigurationPlatforms) = preSolution
		Debug|Any CPU = Debug|Any CPU
		Release|Any CPU = Release|Any CPU
	EndGlobalSection
	GlobalSection(ProjectConfigurationPlatforms) = postSolution
		{18BD19CA-CCFE-4857-B9E5-F554C14E8E60}.Debug|Any CPU.ActiveCfg = Debug|Any CPU
		{18BD19CA-CCFE-4857-B9E5-F554C14E8E60}.Debug|Any CPU.Build.0 = Debug|Any CPU
		{18BD19CA-CCFE-4857-B9E5-F554C14E8E60}.Release|Any CPU.ActiveCfg = Release|Any CPU
		{18BD19CA-CCFE-4857-B9E5-F554C14E8E60}.Release|Any CPU.Build.0 = Release|Any CPU
	EndGlobalSection
	GlobalSection(SolutionProperties) = preSolution
		HideSolutionNode = FALSE
	EndGlobalSection
	GlobalSection(ExtensibilityGlobals) = postSolution
		SolutionGuid = {105E493D-67A5-4EE2-BB9A-89D0E7DBB64F}
	EndGlobalSection
EndGlobal
