
Microsoft Visual Studio Solution File, Format Version 12.00
# Visual Studio Version 16
VisualStudioVersion = 16.0.33920.266
MinimumVisualStudioVersion = 10.0.40219.1
Project("{FAE04EC0-301F-11D3-BF4B-00C04F79EFBC}") = "DatePersonale", "DatePersonale\DatePersonale.csproj", "{C86FD5E8-2EF6-4DD4-8BF9-A87E15BB2045}"
EndProject
Global
	GlobalSection(SolutionConfigurationPlatforms) = preSolution
		Debug|Any CPU = Debug|Any CPU
		Release|Any CPU = Release|Any CPU
	EndGlobalSection
	GlobalSection(ProjectConfigurationPlatforms) = postSolution
		{C86FD5E8-2EF6-4DD4-8BF9-A87E15BB2045}.Debug|Any CPU.ActiveCfg = Debug|Any CPU
		{C86FD5E8-2EF6-4DD4-8BF9-A87E15BB2045}.Debug|Any CPU.Build.0 = Debug|Any CPU
		{C86FD5E8-2EF6-4DD4-8BF9-A87E15BB2045}.Release|Any CPU.ActiveCfg = Release|Any CPU
		{C86FD5E8-2EF6-4DD4-8BF9-A87E15BB2045}.Release|Any CPU.Build.0 = Release|Any CPU
	EndGlobalSection
	GlobalSection(SolutionProperties) = preSolution
		HideSolutionNode = FALSE
	EndGlobalSection
	GlobalSection(ExtensibilityGlobals) = postSolution
		SolutionGuid = {8EC22540-6B05-4A6D-90A5-D7A36AEA4CAA}
	EndGlobalSection
EndGlobal
