
Microsoft Visual Studio Solution File, Format Version 12.00
# Visual Studio Version 16
VisualStudioVersion = 16.0.33801.447
MinimumVisualStudioVersion = 10.0.40219.1
Project("{FAE04EC0-301F-11D3-BF4B-00C04F79EFBC}") = "Comenzi", "Comenzi\Comenzi.csproj", "{B224C6A3-D208-4829-B52E-F357C5FC8527}"
EndProject
Project("{FAE04EC0-301F-11D3-BF4B-00C04F79EFBC}") = "GSBusFramework", "GSBusFramework\GSBusFramework.csproj", "{DF267B1A-3C25-4CD9-BCDE-B619B7C948B3}"
EndProject
Project("{FAE04EC0-301F-11D3-BF4B-00C04F79EFBC}") = "GSCryptography", "GSCryptography\GSCryptography.csproj", "{CF537BA9-1CFE-415F-81A0-F09EA36F62C7}"
EndProject
Project("{FAE04EC0-301F-11D3-BF4B-00C04F79EFBC}") = "GSFramework", "GSFramework\GSFramework.csproj", "{2DD31C24-D0E9-493C-A18D-0F0BD6567FA1}"
EndProject
Project("{FAE04EC0-301F-11D3-BF4B-00C04F79EFBC}") = "GSProxy", "GSProxy\GSProxy.csproj", "{7C638618-5CC5-45C0-999D-4984F8434592}"
EndProject
Project("{FAE04EC0-301F-11D3-BF4B-00C04F79EFBC}") = "LookupTableManagement", "LookupTableManagement\LookupTableManagement.csproj", "{EAAF2DCC-ADD6-4A50-825A-FC4AE63CCEB7}"
EndProject
Project("{FAE04EC0-301F-11D3-BF4B-00C04F79EFBC}") = "Utilities", "Utilities\Utilities.csproj", "{E4AB97FF-71DD-4C25-A252-1AA5AC30A2A4}"
EndProject
Project("{FAE04EC0-301F-11D3-BF4B-00C04F79EFBC}") = "Common_DT", "Common_DT\Common_DT.csproj", "{116EBCFA-E2E7-4A5F-9796-172056FB2396}"
EndProject
Project("{FAE04EC0-301F-11D3-BF4B-00C04F79EFBC}") = "CommonDataSets", "CommonDataSets\CommonDataSets.csproj", "{8911783E-0A41-4E64-9665-63B9C8E3AA0B}"
EndProject
Project("{FAE04EC0-301F-11D3-BF4B-00C04F79EFBC}") = "CommonGUIControllers", "CommonGUIControllers\CommonGUIControllers.csproj", "{47C9A93E-0123-47A4-A78F-F20619F47439}"
EndProject
Project("{FAE04EC0-301F-11D3-BF4B-00C04F79EFBC}") = "ComenziBase", "ComenziBase\ComenziBase.csproj", "{442ABC2F-70A6-4247-A665-1B3B13B2CE9F}"
EndProject
Project("{FAE04EC0-301F-11D3-BF4B-00C04F79EFBC}") = "ComenziGUI", "ComenziGUI\ComenziGUI.csproj", "{ECA01111-A0A8-4F7F-A293-18A00118EBC0}"
EndProject
Project("{FAE04EC0-301F-11D3-BF4B-00C04F79EFBC}") = "ComenziListe", "ComenziListe\ComenziListe.csproj", "{C3AEF91C-ED9F-4D47-8D29-C490B6F05418}"
EndProject
Project("{54435603-DBB4-11D2-8724-00A0C9A8B90C}") = "GS_Comenzi", "GS_Comenzi\GS_Comenzi.vdproj", "{3E980909-5F9C-455A-A13A-94F16AA8DEDB}"
EndProject
Global
	GlobalSection(SolutionConfigurationPlatforms) = preSolution
		Debug|32Bit = Debug|32Bit
		Debug|Any CPU = Debug|Any CPU
		Debug|Mixed Platforms = Debug|Mixed Platforms
		Debug|x86 = Debug|x86
		Release|32Bit = Release|32Bit
		Release|Any CPU = Release|Any CPU
		Release|Mixed Platforms = Release|Mixed Platforms
		Release|x86 = Release|x86
	EndGlobalSection
	GlobalSection(ProjectConfigurationPlatforms) = postSolution
		{B224C6A3-D208-4829-B52E-F357C5FC8527}.Debug|32Bit.ActiveCfg = Debug|Any CPU
		{B224C6A3-D208-4829-B52E-F357C5FC8527}.Debug|32Bit.Build.0 = Debug|Any CPU
		{B224C6A3-D208-4829-B52E-F357C5FC8527}.Debug|Any CPU.ActiveCfg = Debug|Any CPU
		{B224C6A3-D208-4829-B52E-F357C5FC8527}.Debug|Any CPU.Build.0 = Debug|Any CPU
		{B224C6A3-D208-4829-B52E-F357C5FC8527}.Debug|Mixed Platforms.ActiveCfg = Debug|Any CPU
		{B224C6A3-D208-4829-B52E-F357C5FC8527}.Debug|Mixed Platforms.Build.0 = Debug|Any CPU
		{B224C6A3-D208-4829-B52E-F357C5FC8527}.Debug|x86.ActiveCfg = Debug|Any CPU
		{B224C6A3-D208-4829-B52E-F357C5FC8527}.Debug|x86.Build.0 = Debug|Any CPU
		{B224C6A3-D208-4829-B52E-F357C5FC8527}.Release|32Bit.ActiveCfg = Release|Any CPU
		{B224C6A3-D208-4829-B52E-F357C5FC8527}.Release|32Bit.Build.0 = Release|Any CPU
		{B224C6A3-D208-4829-B52E-F357C5FC8527}.Release|Any CPU.ActiveCfg = Release|Any CPU
		{B224C6A3-D208-4829-B52E-F357C5FC8527}.Release|Any CPU.Build.0 = Release|Any CPU
		{B224C6A3-D208-4829-B52E-F357C5FC8527}.Release|Mixed Platforms.ActiveCfg = Release|Any CPU
		{B224C6A3-D208-4829-B52E-F357C5FC8527}.Release|Mixed Platforms.Build.0 = Release|Any CPU
		{B224C6A3-D208-4829-B52E-F357C5FC8527}.Release|x86.ActiveCfg = Release|Any CPU
		{B224C6A3-D208-4829-B52E-F357C5FC8527}.Release|x86.Build.0 = Release|Any CPU
		{DF267B1A-3C25-4CD9-BCDE-B619B7C948B3}.Debug|32Bit.ActiveCfg = Debug|Any CPU
		{DF267B1A-3C25-4CD9-BCDE-B619B7C948B3}.Debug|32Bit.Build.0 = Debug|Any CPU
		{DF267B1A-3C25-4CD9-BCDE-B619B7C948B3}.Debug|Any CPU.ActiveCfg = Debug|Any CPU
		{DF267B1A-3C25-4CD9-BCDE-B619B7C948B3}.Debug|Any CPU.Build.0 = Debug|Any CPU
		{DF267B1A-3C25-4CD9-BCDE-B619B7C948B3}.Debug|Mixed Platforms.ActiveCfg = Debug|Any CPU
		{DF267B1A-3C25-4CD9-BCDE-B619B7C948B3}.Debug|Mixed Platforms.Build.0 = Debug|Any CPU
		{DF267B1A-3C25-4CD9-BCDE-B619B7C948B3}.Debug|x86.ActiveCfg = Debug|32Bit
		{DF267B1A-3C25-4CD9-BCDE-B619B7C948B3}.Debug|x86.Build.0 = Debug|32Bit
		{DF267B1A-3C25-4CD9-BCDE-B619B7C948B3}.Release|32Bit.ActiveCfg = Release|Any CPU
		{DF267B1A-3C25-4CD9-BCDE-B619B7C948B3}.Release|32Bit.Build.0 = Release|Any CPU
		{DF267B1A-3C25-4CD9-BCDE-B619B7C948B3}.Release|Any CPU.ActiveCfg = Release|Any CPU
		{DF267B1A-3C25-4CD9-BCDE-B619B7C948B3}.Release|Any CPU.Build.0 = Release|Any CPU
		{DF267B1A-3C25-4CD9-BCDE-B619B7C948B3}.Release|Mixed Platforms.ActiveCfg = Release|32Bit
		{DF267B1A-3C25-4CD9-BCDE-B619B7C948B3}.Release|Mixed Platforms.Build.0 = Release|32Bit
		{DF267B1A-3C25-4CD9-BCDE-B619B7C948B3}.Release|x86.ActiveCfg = Release|32Bit
		{DF267B1A-3C25-4CD9-BCDE-B619B7C948B3}.Release|x86.Build.0 = Release|32Bit
		{CF537BA9-1CFE-415F-81A0-F09EA36F62C7}.Debug|32Bit.ActiveCfg = Debug|Any CPU
		{CF537BA9-1CFE-415F-81A0-F09EA36F62C7}.Debug|32Bit.Build.0 = Debug|Any CPU
		{CF537BA9-1CFE-415F-81A0-F09EA36F62C7}.Debug|Any CPU.ActiveCfg = Debug|Any CPU
		{CF537BA9-1CFE-415F-81A0-F09EA36F62C7}.Debug|Any CPU.Build.0 = Debug|Any CPU
		{CF537BA9-1CFE-415F-81A0-F09EA36F62C7}.Debug|Mixed Platforms.ActiveCfg = Debug|Any CPU
		{CF537BA9-1CFE-415F-81A0-F09EA36F62C7}.Debug|Mixed Platforms.Build.0 = Debug|Any CPU
		{CF537BA9-1CFE-415F-81A0-F09EA36F62C7}.Debug|x86.ActiveCfg = Debug|32Bit
		{CF537BA9-1CFE-415F-81A0-F09EA36F62C7}.Debug|x86.Build.0 = Debug|32Bit
		{CF537BA9-1CFE-415F-81A0-F09EA36F62C7}.Release|32Bit.ActiveCfg = Release|Any CPU
		{CF537BA9-1CFE-415F-81A0-F09EA36F62C7}.Release|32Bit.Build.0 = Release|Any CPU
		{CF537BA9-1CFE-415F-81A0-F09EA36F62C7}.Release|Any CPU.ActiveCfg = Release|Any CPU
		{CF537BA9-1CFE-415F-81A0-F09EA36F62C7}.Release|Any CPU.Build.0 = Release|Any CPU
		{CF537BA9-1CFE-415F-81A0-F09EA36F62C7}.Release|Mixed Platforms.ActiveCfg = Release|32Bit
		{CF537BA9-1CFE-415F-81A0-F09EA36F62C7}.Release|Mixed Platforms.Build.0 = Release|32Bit
		{CF537BA9-1CFE-415F-81A0-F09EA36F62C7}.Release|x86.ActiveCfg = Release|32Bit
		{CF537BA9-1CFE-415F-81A0-F09EA36F62C7}.Release|x86.Build.0 = Release|32Bit
		{2DD31C24-D0E9-493C-A18D-0F0BD6567FA1}.Debug|32Bit.ActiveCfg = Debug|Any CPU
		{2DD31C24-D0E9-493C-A18D-0F0BD6567FA1}.Debug|32Bit.Build.0 = Debug|Any CPU
		{2DD31C24-D0E9-493C-A18D-0F0BD6567FA1}.Debug|Any CPU.ActiveCfg = Debug|Any CPU
		{2DD31C24-D0E9-493C-A18D-0F0BD6567FA1}.Debug|Any CPU.Build.0 = Debug|Any CPU
		{2DD31C24-D0E9-493C-A18D-0F0BD6567FA1}.Debug|Mixed Platforms.ActiveCfg = Debug|Any CPU
		{2DD31C24-D0E9-493C-A18D-0F0BD6567FA1}.Debug|Mixed Platforms.Build.0 = Debug|Any CPU
		{2DD31C24-D0E9-493C-A18D-0F0BD6567FA1}.Debug|x86.ActiveCfg = Debug|32Bit
		{2DD31C24-D0E9-493C-A18D-0F0BD6567FA1}.Debug|x86.Build.0 = Debug|32Bit
		{2DD31C24-D0E9-493C-A18D-0F0BD6567FA1}.Release|32Bit.ActiveCfg = Release|Any CPU
		{2DD31C24-D0E9-493C-A18D-0F0BD6567FA1}.Release|32Bit.Build.0 = Release|Any CPU
		{2DD31C24-D0E9-493C-A18D-0F0BD6567FA1}.Release|Any CPU.ActiveCfg = Release|Any CPU
		{2DD31C24-D0E9-493C-A18D-0F0BD6567FA1}.Release|Any CPU.Build.0 = Release|Any CPU
		{2DD31C24-D0E9-493C-A18D-0F0BD6567FA1}.Release|Mixed Platforms.ActiveCfg = Release|32Bit
		{2DD31C24-D0E9-493C-A18D-0F0BD6567FA1}.Release|Mixed Platforms.Build.0 = Release|32Bit
		{2DD31C24-D0E9-493C-A18D-0F0BD6567FA1}.Release|x86.ActiveCfg = Release|32Bit
		{2DD31C24-D0E9-493C-A18D-0F0BD6567FA1}.Release|x86.Build.0 = Release|32Bit
		{7C638618-5CC5-45C0-999D-4984F8434592}.Debug|32Bit.ActiveCfg = Debug|Any CPU
		{7C638618-5CC5-45C0-999D-4984F8434592}.Debug|32Bit.Build.0 = Debug|Any CPU
		{7C638618-5CC5-45C0-999D-4984F8434592}.Debug|Any CPU.ActiveCfg = Debug|Any CPU
		{7C638618-5CC5-45C0-999D-4984F8434592}.Debug|Any CPU.Build.0 = Debug|Any CPU
		{7C638618-5CC5-45C0-999D-4984F8434592}.Debug|Mixed Platforms.ActiveCfg = Debug|Any CPU
		{7C638618-5CC5-45C0-999D-4984F8434592}.Debug|Mixed Platforms.Build.0 = Debug|Any CPU
		{7C638618-5CC5-45C0-999D-4984F8434592}.Debug|x86.ActiveCfg = Debug|32Bit
		{7C638618-5CC5-45C0-999D-4984F8434592}.Debug|x86.Build.0 = Debug|32Bit
		{7C638618-5CC5-45C0-999D-4984F8434592}.Release|32Bit.ActiveCfg = Release|Any CPU
		{7C638618-5CC5-45C0-999D-4984F8434592}.Release|32Bit.Build.0 = Release|Any CPU
		{7C638618-5CC5-45C0-999D-4984F8434592}.Release|Any CPU.ActiveCfg = Release|Any CPU
		{7C638618-5CC5-45C0-999D-4984F8434592}.Release|Any CPU.Build.0 = Release|Any CPU
		{7C638618-5CC5-45C0-999D-4984F8434592}.Release|Mixed Platforms.ActiveCfg = Release|32Bit
		{7C638618-5CC5-45C0-999D-4984F8434592}.Release|Mixed Platforms.Build.0 = Release|32Bit
		{7C638618-5CC5-45C0-999D-4984F8434592}.Release|x86.ActiveCfg = Release|32Bit
		{7C638618-5CC5-45C0-999D-4984F8434592}.Release|x86.Build.0 = Release|32Bit
		{EAAF2DCC-ADD6-4A50-825A-FC4AE63CCEB7}.Debug|32Bit.ActiveCfg = Debug|Any CPU
		{EAAF2DCC-ADD6-4A50-825A-FC4AE63CCEB7}.Debug|32Bit.Build.0 = Debug|Any CPU
		{EAAF2DCC-ADD6-4A50-825A-FC4AE63CCEB7}.Debug|Any CPU.ActiveCfg = Debug|Any CPU
		{EAAF2DCC-ADD6-4A50-825A-FC4AE63CCEB7}.Debug|Any CPU.Build.0 = Debug|Any CPU
		{EAAF2DCC-ADD6-4A50-825A-FC4AE63CCEB7}.Debug|Mixed Platforms.ActiveCfg = Debug|Any CPU
		{EAAF2DCC-ADD6-4A50-825A-FC4AE63CCEB7}.Debug|Mixed Platforms.Build.0 = Debug|Any CPU
		{EAAF2DCC-ADD6-4A50-825A-FC4AE63CCEB7}.Debug|x86.ActiveCfg = Debug|32Bit
		{EAAF2DCC-ADD6-4A50-825A-FC4AE63CCEB7}.Debug|x86.Build.0 = Debug|32Bit
		{EAAF2DCC-ADD6-4A50-825A-FC4AE63CCEB7}.Release|32Bit.ActiveCfg = Release|Any CPU
		{EAAF2DCC-ADD6-4A50-825A-FC4AE63CCEB7}.Release|32Bit.Build.0 = Release|Any CPU
		{EAAF2DCC-ADD6-4A50-825A-FC4AE63CCEB7}.Release|Any CPU.ActiveCfg = Release|Any CPU
		{EAAF2DCC-ADD6-4A50-825A-FC4AE63CCEB7}.Release|Any CPU.Build.0 = Release|Any CPU
		{EAAF2DCC-ADD6-4A50-825A-FC4AE63CCEB7}.Release|Mixed Platforms.ActiveCfg = Release|32Bit
		{EAAF2DCC-ADD6-4A50-825A-FC4AE63CCEB7}.Release|Mixed Platforms.Build.0 = Release|32Bit
		{EAAF2DCC-ADD6-4A50-825A-FC4AE63CCEB7}.Release|x86.ActiveCfg = Release|32Bit
		{EAAF2DCC-ADD6-4A50-825A-FC4AE63CCEB7}.Release|x86.Build.0 = Release|32Bit
		{E4AB97FF-71DD-4C25-A252-1AA5AC30A2A4}.Debug|32Bit.ActiveCfg = Debug|Any CPU
		{E4AB97FF-71DD-4C25-A252-1AA5AC30A2A4}.Debug|32Bit.Build.0 = Debug|Any CPU
		{E4AB97FF-71DD-4C25-A252-1AA5AC30A2A4}.Debug|Any CPU.ActiveCfg = Debug|Any CPU
		{E4AB97FF-71DD-4C25-A252-1AA5AC30A2A4}.Debug|Any CPU.Build.0 = Debug|Any CPU
		{E4AB97FF-71DD-4C25-A252-1AA5AC30A2A4}.Debug|Mixed Platforms.ActiveCfg = Debug|Any CPU
		{E4AB97FF-71DD-4C25-A252-1AA5AC30A2A4}.Debug|Mixed Platforms.Build.0 = Debug|Any CPU
		{E4AB97FF-71DD-4C25-A252-1AA5AC30A2A4}.Debug|x86.ActiveCfg = Debug|32Bit
		{E4AB97FF-71DD-4C25-A252-1AA5AC30A2A4}.Debug|x86.Build.0 = Debug|32Bit
		{E4AB97FF-71DD-4C25-A252-1AA5AC30A2A4}.Release|32Bit.ActiveCfg = Release|Any CPU
		{E4AB97FF-71DD-4C25-A252-1AA5AC30A2A4}.Release|32Bit.Build.0 = Release|Any CPU
		{E4AB97FF-71DD-4C25-A252-1AA5AC30A2A4}.Release|Any CPU.ActiveCfg = Release|Any CPU
		{E4AB97FF-71DD-4C25-A252-1AA5AC30A2A4}.Release|Any CPU.Build.0 = Release|Any CPU
		{E4AB97FF-71DD-4C25-A252-1AA5AC30A2A4}.Release|Mixed Platforms.ActiveCfg = Release|32Bit
		{E4AB97FF-71DD-4C25-A252-1AA5AC30A2A4}.Release|Mixed Platforms.Build.0 = Release|32Bit
		{E4AB97FF-71DD-4C25-A252-1AA5AC30A2A4}.Release|x86.ActiveCfg = Release|32Bit
		{E4AB97FF-71DD-4C25-A252-1AA5AC30A2A4}.Release|x86.Build.0 = Release|32Bit
		{116EBCFA-E2E7-4A5F-9796-172056FB2396}.Debug|32Bit.ActiveCfg = Debug|Any CPU
		{116EBCFA-E2E7-4A5F-9796-172056FB2396}.Debug|32Bit.Build.0 = Debug|Any CPU
		{116EBCFA-E2E7-4A5F-9796-172056FB2396}.Debug|Any CPU.ActiveCfg = Debug|Any CPU
		{116EBCFA-E2E7-4A5F-9796-172056FB2396}.Debug|Any CPU.Build.0 = Debug|Any CPU
		{116EBCFA-E2E7-4A5F-9796-172056FB2396}.Debug|Mixed Platforms.ActiveCfg = Debug|Any CPU
		{116EBCFA-E2E7-4A5F-9796-172056FB2396}.Debug|Mixed Platforms.Build.0 = Debug|Any CPU
		{116EBCFA-E2E7-4A5F-9796-172056FB2396}.Debug|x86.ActiveCfg = Debug|Any CPU
		{116EBCFA-E2E7-4A5F-9796-172056FB2396}.Debug|x86.Build.0 = Debug|Any CPU
		{116EBCFA-E2E7-4A5F-9796-172056FB2396}.Release|32Bit.ActiveCfg = Release|Any CPU
		{116EBCFA-E2E7-4A5F-9796-172056FB2396}.Release|32Bit.Build.0 = Release|Any CPU
		{116EBCFA-E2E7-4A5F-9796-172056FB2396}.Release|Any CPU.ActiveCfg = Release|Any CPU
		{116EBCFA-E2E7-4A5F-9796-172056FB2396}.Release|Any CPU.Build.0 = Release|Any CPU
		{116EBCFA-E2E7-4A5F-9796-172056FB2396}.Release|Mixed Platforms.ActiveCfg = Release|Any CPU
		{116EBCFA-E2E7-4A5F-9796-172056FB2396}.Release|Mixed Platforms.Build.0 = Release|Any CPU
		{116EBCFA-E2E7-4A5F-9796-172056FB2396}.Release|x86.ActiveCfg = Release|Any CPU
		{116EBCFA-E2E7-4A5F-9796-172056FB2396}.Release|x86.Build.0 = Release|Any CPU
		{8911783E-0A41-4E64-9665-63B9C8E3AA0B}.Debug|32Bit.ActiveCfg = Debug|Any CPU
		{8911783E-0A41-4E64-9665-63B9C8E3AA0B}.Debug|32Bit.Build.0 = Debug|Any CPU
		{8911783E-0A41-4E64-9665-63B9C8E3AA0B}.Debug|Any CPU.ActiveCfg = Debug|Any CPU
		{8911783E-0A41-4E64-9665-63B9C8E3AA0B}.Debug|Any CPU.Build.0 = Debug|Any CPU
		{8911783E-0A41-4E64-9665-63B9C8E3AA0B}.Debug|Mixed Platforms.ActiveCfg = Debug|Any CPU
		{8911783E-0A41-4E64-9665-63B9C8E3AA0B}.Debug|Mixed Platforms.Build.0 = Debug|Any CPU
		{8911783E-0A41-4E64-9665-63B9C8E3AA0B}.Debug|x86.ActiveCfg = Debug|Any CPU
		{8911783E-0A41-4E64-9665-63B9C8E3AA0B}.Debug|x86.Build.0 = Debug|Any CPU
		{8911783E-0A41-4E64-9665-63B9C8E3AA0B}.Release|32Bit.ActiveCfg = Release|Any CPU
		{8911783E-0A41-4E64-9665-63B9C8E3AA0B}.Release|32Bit.Build.0 = Release|Any CPU
		{8911783E-0A41-4E64-9665-63B9C8E3AA0B}.Release|Any CPU.ActiveCfg = Release|Any CPU
		{8911783E-0A41-4E64-9665-63B9C8E3AA0B}.Release|Any CPU.Build.0 = Release|Any CPU
		{8911783E-0A41-4E64-9665-63B9C8E3AA0B}.Release|Mixed Platforms.ActiveCfg = Release|Any CPU
		{8911783E-0A41-4E64-9665-63B9C8E3AA0B}.Release|Mixed Platforms.Build.0 = Release|Any CPU
		{8911783E-0A41-4E64-9665-63B9C8E3AA0B}.Release|x86.ActiveCfg = Release|Any CPU
		{8911783E-0A41-4E64-9665-63B9C8E3AA0B}.Release|x86.Build.0 = Release|Any CPU
		{47C9A93E-0123-47A4-A78F-F20619F47439}.Debug|32Bit.ActiveCfg = Debug|Any CPU
		{47C9A93E-0123-47A4-A78F-F20619F47439}.Debug|32Bit.Build.0 = Debug|Any CPU
		{47C9A93E-0123-47A4-A78F-F20619F47439}.Debug|Any CPU.ActiveCfg = Debug|Any CPU
		{47C9A93E-0123-47A4-A78F-F20619F47439}.Debug|Any CPU.Build.0 = Debug|Any CPU
		{47C9A93E-0123-47A4-A78F-F20619F47439}.Debug|Mixed Platforms.ActiveCfg = Debug|Any CPU
		{47C9A93E-0123-47A4-A78F-F20619F47439}.Debug|Mixed Platforms.Build.0 = Debug|Any CPU
		{47C9A93E-0123-47A4-A78F-F20619F47439}.Debug|x86.ActiveCfg = Debug|Any CPU
		{47C9A93E-0123-47A4-A78F-F20619F47439}.Debug|x86.Build.0 = Debug|Any CPU
		{47C9A93E-0123-47A4-A78F-F20619F47439}.Release|32Bit.ActiveCfg = Release|Any CPU
		{47C9A93E-0123-47A4-A78F-F20619F47439}.Release|32Bit.Build.0 = Release|Any CPU
		{47C9A93E-0123-47A4-A78F-F20619F47439}.Release|Any CPU.ActiveCfg = Release|Any CPU
		{47C9A93E-0123-47A4-A78F-F20619F47439}.Release|Any CPU.Build.0 = Release|Any CPU
		{47C9A93E-0123-47A4-A78F-F20619F47439}.Release|Mixed Platforms.ActiveCfg = Release|Any CPU
		{47C9A93E-0123-47A4-A78F-F20619F47439}.Release|Mixed Platforms.Build.0 = Release|Any CPU
		{47C9A93E-0123-47A4-A78F-F20619F47439}.Release|x86.ActiveCfg = Release|Any CPU
		{47C9A93E-0123-47A4-A78F-F20619F47439}.Release|x86.Build.0 = Release|Any CPU
		{442ABC2F-70A6-4247-A665-1B3B13B2CE9F}.Debug|32Bit.ActiveCfg = Debug|Any CPU
		{442ABC2F-70A6-4247-A665-1B3B13B2CE9F}.Debug|Any CPU.ActiveCfg = Debug|Any CPU
		{442ABC2F-70A6-4247-A665-1B3B13B2CE9F}.Debug|Any CPU.Build.0 = Debug|Any CPU
		{442ABC2F-70A6-4247-A665-1B3B13B2CE9F}.Debug|Mixed Platforms.ActiveCfg = Debug|Any CPU
		{442ABC2F-70A6-4247-A665-1B3B13B2CE9F}.Debug|Mixed Platforms.Build.0 = Debug|Any CPU
		{442ABC2F-70A6-4247-A665-1B3B13B2CE9F}.Debug|x86.ActiveCfg = Debug|Any CPU
		{442ABC2F-70A6-4247-A665-1B3B13B2CE9F}.Release|32Bit.ActiveCfg = Release|Any CPU
		{442ABC2F-70A6-4247-A665-1B3B13B2CE9F}.Release|Any CPU.ActiveCfg = Release|Any CPU
		{442ABC2F-70A6-4247-A665-1B3B13B2CE9F}.Release|Any CPU.Build.0 = Release|Any CPU
		{442ABC2F-70A6-4247-A665-1B3B13B2CE9F}.Release|Mixed Platforms.ActiveCfg = Release|Any CPU
		{442ABC2F-70A6-4247-A665-1B3B13B2CE9F}.Release|Mixed Platforms.Build.0 = Release|Any CPU
		{442ABC2F-70A6-4247-A665-1B3B13B2CE9F}.Release|x86.ActiveCfg = Release|Any CPU
		{ECA01111-A0A8-4F7F-A293-18A00118EBC0}.Debug|32Bit.ActiveCfg = Debug|Any CPU
		{ECA01111-A0A8-4F7F-A293-18A00118EBC0}.Debug|Any CPU.ActiveCfg = Debug|Any CPU
		{ECA01111-A0A8-4F7F-A293-18A00118EBC0}.Debug|Any CPU.Build.0 = Debug|Any CPU
		{ECA01111-A0A8-4F7F-A293-18A00118EBC0}.Debug|Mixed Platforms.ActiveCfg = Debug|Any CPU
		{ECA01111-A0A8-4F7F-A293-18A00118EBC0}.Debug|Mixed Platforms.Build.0 = Debug|Any CPU
		{ECA01111-A0A8-4F7F-A293-18A00118EBC0}.Debug|x86.ActiveCfg = Debug|Any CPU
		{ECA01111-A0A8-4F7F-A293-18A00118EBC0}.Release|32Bit.ActiveCfg = Release|Any CPU
		{ECA01111-A0A8-4F7F-A293-18A00118EBC0}.Release|Any CPU.ActiveCfg = Release|Any CPU
		{ECA01111-A0A8-4F7F-A293-18A00118EBC0}.Release|Any CPU.Build.0 = Release|Any CPU
		{ECA01111-A0A8-4F7F-A293-18A00118EBC0}.Release|Mixed Platforms.ActiveCfg = Release|Any CPU
		{ECA01111-A0A8-4F7F-A293-18A00118EBC0}.Release|Mixed Platforms.Build.0 = Release|Any CPU
		{ECA01111-A0A8-4F7F-A293-18A00118EBC0}.Release|x86.ActiveCfg = Release|Any CPU
		{C3AEF91C-ED9F-4D47-8D29-C490B6F05418}.Debug|32Bit.ActiveCfg = Debug|Any CPU
		{C3AEF91C-ED9F-4D47-8D29-C490B6F05418}.Debug|Any CPU.ActiveCfg = Debug|Any CPU
		{C3AEF91C-ED9F-4D47-8D29-C490B6F05418}.Debug|Any CPU.Build.0 = Debug|Any CPU
		{C3AEF91C-ED9F-4D47-8D29-C490B6F05418}.Debug|Mixed Platforms.ActiveCfg = Debug|Any CPU
		{C3AEF91C-ED9F-4D47-8D29-C490B6F05418}.Debug|Mixed Platforms.Build.0 = Debug|Any CPU
		{C3AEF91C-ED9F-4D47-8D29-C490B6F05418}.Debug|x86.ActiveCfg = Debug|Any CPU
		{C3AEF91C-ED9F-4D47-8D29-C490B6F05418}.Release|32Bit.ActiveCfg = Release|Any CPU
		{C3AEF91C-ED9F-4D47-8D29-C490B6F05418}.Release|Any CPU.ActiveCfg = Release|Any CPU
		{C3AEF91C-ED9F-4D47-8D29-C490B6F05418}.Release|Any CPU.Build.0 = Release|Any CPU
		{C3AEF91C-ED9F-4D47-8D29-C490B6F05418}.Release|Mixed Platforms.ActiveCfg = Release|Any CPU
		{C3AEF91C-ED9F-4D47-8D29-C490B6F05418}.Release|Mixed Platforms.Build.0 = Release|Any CPU
		{C3AEF91C-ED9F-4D47-8D29-C490B6F05418}.Release|x86.ActiveCfg = Release|Any CPU
		{3E980909-5F9C-455A-A13A-94F16AA8DEDB}.Debug|32Bit.ActiveCfg = Debug
		{3E980909-5F9C-455A-A13A-94F16AA8DEDB}.Debug|Any CPU.ActiveCfg = Debug
		{3E980909-5F9C-455A-A13A-94F16AA8DEDB}.Debug|Mixed Platforms.ActiveCfg = Debug
		{3E980909-5F9C-455A-A13A-94F16AA8DEDB}.Debug|x86.ActiveCfg = Debug
		{3E980909-5F9C-455A-A13A-94F16AA8DEDB}.Release|32Bit.ActiveCfg = Release
		{3E980909-5F9C-455A-A13A-94F16AA8DEDB}.Release|Any CPU.ActiveCfg = Release
		{3E980909-5F9C-455A-A13A-94F16AA8DEDB}.Release|Mixed Platforms.ActiveCfg = Release
		{3E980909-5F9C-455A-A13A-94F16AA8DEDB}.Release|x86.ActiveCfg = Release
	EndGlobalSection
	GlobalSection(SolutionProperties) = preSolution
		HideSolutionNode = FALSE
	EndGlobalSection
	GlobalSection(ExtensibilityGlobals) = postSolution
		SolutionGuid = {53C28F1D-75BE-4E6F-8177-4FA93A818917}
	EndGlobalSection
	GlobalSection(SourceCodeControl) = preSolution
		SccNumberOfProjects = 15
		SccLocalPath0 = .
		SccProjectUniqueName1 = Comenzi\\Comenzi.csproj
		SccLocalPath1 = .
		SccProjectFilePathRelativizedFromConnection1 = Comenzi\\
		SccProjectUniqueName2 = ComenziBase\\ComenziBase.csproj
		SccLocalPath2 = .
		SccProjectFilePathRelativizedFromConnection2 = ComenziBase\\
		SccProjectUniqueName3 = ComenziGUI\\ComenziGUI.csproj
		SccLocalPath3 = .
		SccProjectFilePathRelativizedFromConnection3 = ComenziGUI\\
		SccProjectUniqueName4 = Common_DT\\Common_DT.csproj
		SccLocalPath4 = .
		SccProjectFilePathRelativizedFromConnection4 = Common_DT\\
		SccProjectUniqueName5 = CommonDataSets\\CommonDataSets.csproj
		SccLocalPath5 = .
		SccProjectFilePathRelativizedFromConnection5 = CommonDataSets\\
		SccProjectUniqueName6 = CommonGUIControllers\\CommonGUIControllers.csproj
		SccLocalPath6 = .
		SccProjectFilePathRelativizedFromConnection6 = CommonGUIControllers\\
		SccProjectUniqueName7 = GSBusFramework\\GSBusFramework.csproj
		SccLocalPath7 = .
		SccProjectFilePathRelativizedFromConnection7 = GSBusFramework\\
		SccProjectUniqueName8 = GSCryptography\\GSCryptography.csproj
		SccLocalPath8 = .
		SccProjectFilePathRelativizedFromConnection8 = GSCryptography\\
		SccProjectUniqueName9 = GSFramework\\GSFramework.csproj
		SccLocalPath9 = .
		SccProjectFilePathRelativizedFromConnection9 = GSFramework\\
		SccProjectUniqueName10 = GSProxy\\GSProxy.csproj
		SccLocalPath10 = .
		SccProjectFilePathRelativizedFromConnection10 = GSProxy\\
		SccProjectUniqueName11 = LookupTableManagement\\LookupTableManagement.csproj
		SccLocalPath11 = .
		SccProjectFilePathRelativizedFromConnection11 = LookupTableManagement\\
		SccProjectUniqueName12 = Utilities\\Utilities.csproj
		SccLocalPath12 = .
		SccProjectFilePathRelativizedFromConnection12 = Utilities\\
		SccProjectUniqueName13 = ComenziListe\\ComenziListe.csproj
		SccLocalPath13 = .
		SccProjectFilePathRelativizedFromConnection13 = ComenziListe\\
		SccProjectUniqueName14 = GS_Comenzi\\GS_Comenzi.vdproj
		SccLocalPath14 = .
		SccProjectFilePathRelativizedFromConnection14 = GS_Comenzi\\
	EndGlobalSection
EndGlobal
